<?xml version="1.0" encoding="UTF-8" standalone="yes" ?>
<CodeBlocks_project_file>
	<FileVersion major="1" minor="6" />
	<Project>
		<Option title="OOXX" />
		<Option pch_mode="2" />
		<Option compiler="gcc" />
		<Build>
			<Target title="Debug">
				<Option output="bin/Debug/OOXX" prefix_auto="1" extension_auto="1" />
				<Option object_output="obj/Debug/" />
				<Option type="1" />
				<Option compiler="gcc" />
				<Compiler>
					<Add option="-g" />
				</Compiler>
			</Target>
			<Target title="Release">
				<Option output="bin/Release/OOXX" prefix_auto="1" extension_auto="1" />
				<Option object_output="obj/Release/" />
				<Option type="1" />
				<Option compiler="gcc" />
				<Compiler>
					<Add option="-O2" />
					<Add directory="include/" />
				</Compiler>
				<Linker>
					<Add option="-s" />
					<Add library="lib\panel.a" />
					<Add library="lib\pdcurses.a" />
				</Linker>
			</Target>
		</Build>
		<Compiler>
			<Add option="-Wall" />
			<Add option="-fexceptions" />
			<Add directory="include/" />
		</Compiler>
		<Linker>
			<Add library="lib\panel.a" />
			<Add library="lib\pdcurses.a" />
		</Linker>
		<Unit filename="ai/ann/FastNN.h" />
		<Unit filename="ai/ann/NeuralNet.h" />
		<Unit filename="engine/Board.h" />
		<Unit filename="engine/GoBang.cc" />
		<Unit filename="engine/GoBang.h" />
		<Unit filename="interface/FiverEngine.h" />
		<Unit filename="main.cc" />
		<Unit filename="test/BoardTester.h" />
		<Unit filename="test/GoBangTester.h" />
		<Unit filename="test/NeuralNetTester.h" />
		<Unit filename="utils/Action.h" />
		<Unit filename="utils/Manual.h" />
		<Unit filename="utils/timer.h" />
		<Unit filename="utils/tree/tree.hh" />
		<Extensions>
			<code_completion />
			<envvars />
			<debugger />
			<lib_finder disable_auto="1" />
		</Extensions>
	</Project>
</CodeBlocks_project_file>
